
Microsoft Visual Studio Solution File, Format Version 12.00
# Visual Studio Version 16
VisualStudioVersion = 16.0.32002.261
MinimumVisualStudioVersion = 10.0.40219.1
Project("{9A19103F-16F7-4668-BE54-9A1E7A4F7556}") = "DisturbanceApp", "DisturbanceApp\DisturbanceApp.csproj", "{879574D3-1C2B-42CC-9FC8-39CFFA34B6AC}"
EndProject
Global
	GlobalSection(SolutionConfigurationPlatforms) = preSolution
		Debug|Any CPU = Debug|Any CPU
		Release|Any CPU = Release|Any CPU
	EndGlobalSection
	GlobalSection(ProjectConfigurationPlatforms) = postSolution
		{879574D3-1C2B-42CC-9FC8-39CFFA34B6AC}.Debug|Any CPU.ActiveCfg = Debug|Any CPU
		{879574D3-1C2B-42CC-9FC8-39CFFA34B6AC}.Debug|Any CPU.Build.0 = Debug|Any CPU
		{879574D3-1C2B-42CC-9FC8-39CFFA34B6AC}.Release|Any CPU.ActiveCfg = Release|Any CPU
		{879574D3-1C2B-42CC-9FC8-39CFFA34B6AC}.Release|Any CPU.Build.0 = Release|Any CPU
	EndGlobalSection
	GlobalSection(SolutionProperties) = preSolution
		HideSolutionNode = FALSE
	EndGlobalSection
	GlobalSection(ExtensibilityGlobals) = postSolution
		SolutionGuid = {A5EDAE8C-4C51-4337-BEA9-E5681A8B06BA}
	EndGlobalSection
EndGlobal
